// !$*UTF8*$!
{
	archiveVersion = 1;
	classes = {
	};
	objectVersion = 56;
	objects = {

/* Begin PBXBuildFile section */
		EB8DC4412B078B3100CF97B9 /* RamProtfolioApp.swift in Sources */ = {isa = PBXBuildFile; fileRef = EB8DC4402B078B3100CF97B9 /* RamProtfolioApp.swift */; };
		EB8DC4432B078B3100CF97B9 /* ContentView.swift in Sources */ = {isa = PBXBuildFile; fileRef = EB8DC4422B078B3100CF97B9 /* ContentView.swift */; };
		EB8DC4452B078B3300CF97B9 /* Assets.xcassets in Resources */ = {isa = PBXBuildFile; fileRef = EB8DC4442B078B3300CF97B9 /* Assets.xcassets */; };
		EB8DC4482B078B3300CF97B9 /* Preview Assets.xcassets in Resources */ = {isa = PBXBuildFile; fileRef = EB8DC4472B078B3300CF97B9 /* Preview Assets.xcassets */; };
		EBC51CF12B078F8200F668CD /* SlpashScreenView.swift in Sources */ = {isa = PBXBuildFile; fileRef = EBC51CF02B078F8200F668CD /* SlpashScreenView.swift */; };
		EBED08672B088EAD00F812A1 /* MainView.swift in Sources */ = {isa = PBXBuildFile; fileRef = EBED08662B088EAD00F812A1 /* MainView.swift */; };
		EBED08692B088ED000F812A1 /* ListAppView.swift in Sources */ = {isa = PBXBuildFile; fileRef = EBED08682B088ED000F812A1 /* ListAppView.swift */; };
		EBED086B2B088EED00F812A1 /* MLAppView.swift in Sources */ = {isa = PBXBuildFile; fileRef = EBED086A2B088EED00F812A1 /* MLAppView.swift */; };
		EBED086D2B0892F300F812A1 /* ContentsView.swift in Sources */ = {isa = PBXBuildFile; fileRef = EBED086C2B0892F300F812A1 /* ContentsView.swift */; };
		EBED08702B089BD000F812A1 /* HeadingTextView.swift in Sources */ = {isa = PBXBuildFile; fileRef = EBED086F2B089BD000F812A1 /* HeadingTextView.swift */; };
		EBED08722B089E7100F812A1 /* ContentTextView.swift in Sources */ = {isa = PBXBuildFile; fileRef = EBED08712B089E7100F812A1 /* ContentTextView.swift */; };
		EBED08742B089FA500F812A1 /* SkillsView.swift in Sources */ = {isa = PBXBuildFile; fileRef = EBED08732B089FA500F812A1 /* SkillsView.swift */; };
		EBED08782B08BF2400F812A1 /* EditView.swift in Sources */ = {isa = PBXBuildFile; fileRef = EBED08772B08BF2400F812A1 /* EditView.swift */; };
		EBED08B82B08CE1C00F812A1 /* DataModel.swift in Sources */ = {isa = PBXBuildFile; fileRef = EBED08B72B08CE1C00F812A1 /* DataModel.swift */; };
/* End PBXBuildFile section */

/* Begin PBXFileReference section */
		EB8DC43D2B078B3100CF97B9 /* RamProtfolio.app */ = {isa = PBXFileReference; explicitFileType = wrapper.application; includeInIndex = 0; path = RamProtfolio.app; sourceTree = BUILT_PRODUCTS_DIR; };
		EB8DC4402B078B3100CF97B9 /* RamProtfolioApp.swift */ = {isa = PBXFileReference; lastKnownFileType = sourcecode.swift; path = RamProtfolioApp.swift; sourceTree = "<group>"; };
		EB8DC4422B078B3100CF97B9 /* ContentView.swift */ = {isa = PBXFileReference; lastKnownFileType = sourcecode.swift; path = ContentView.swift; sourceTree = "<group>"; };
		EB8DC4442B078B3300CF97B9 /* Assets.xcassets */ = {isa = PBXFileReference; lastKnownFileType = folder.assetcatalog; path = Assets.xcassets; sourceTree = "<group>"; };
		EB8DC4472B078B3300CF97B9 /* Preview Assets.xcassets */ = {isa = PBXFileReference; lastKnownFileType = folder.assetcatalog; path = "Preview Assets.xcassets"; sourceTree = "<group>"; };
		EBC51CF02B078F8200F668CD /* SlpashScreenView.swift */ = {isa = PBXFileReference; lastKnownFileType = sourcecode.swift; path = SlpashScreenView.swift; sourceTree = "<group>"; };
		EBED08662B088EAD00F812A1 /* MainView.swift */ = {isa = PBXFileReference; lastKnownFileType = sourcecode.swift; path = MainView.swift; sourceTree = "<group>"; };
		EBED08682B088ED000F812A1 /* ListAppView.swift */ = {isa = PBXFileReference; lastKnownFileType = sourcecode.swift; path = ListAppView.swift; sourceTree = "<group>"; };
		EBED086A2B088EED00F812A1 /* MLAppView.swift */ = {isa = PBXFileReference; lastKnownFileType = sourcecode.swift; path = MLAppView.swift; sourceTree = "<group>"; };
		EBED086C2B0892F300F812A1 /* ContentsView.swift */ = {isa = PBXFileReference; lastKnownFileType = sourcecode.swift; path = ContentsView.swift; sourceTree = "<group>"; };
		EBED086F2B089BD000F812A1 /* HeadingTextView.swift */ = {isa = PBXFileReference; lastKnownFileType = sourcecode.swift; path = HeadingTextView.swift; sourceTree = "<group>"; };
		EBED08712B089E7100F812A1 /* ContentTextView.swift */ = {isa = PBXFileReference; lastKnownFileType = sourcecode.swift; path = ContentTextView.swift; sourceTree = "<group>"; };
		EBED08732B089FA500F812A1 /* SkillsView.swift */ = {isa = PBXFileReference; lastKnownFileType = sourcecode.swift; path = SkillsView.swift; sourceTree = "<group>"; };
		EBED08772B08BF2400F812A1 /* EditView.swift */ = {isa = PBXFileReference; lastKnownFileType = sourcecode.swift; path = EditView.swift; sourceTree = "<group>"; };
		EBED08B72B08CE1C00F812A1 /* DataModel.swift */ = {isa = PBXFileReference; lastKnownFileType = sourcecode.swift; path = DataModel.swift; sourceTree = "<group>"; };
/* End PBXFileReference section */

/* Begin PBXFrameworksBuildPhase section */
		EB8DC43A2B078B3100CF97B9 /* Frameworks */ = {
			isa = PBXFrameworksBuildPhase;
			buildActionMask = 2147483647;
			files = (
			);
			runOnlyForDeploymentPostprocessing = 0;
		};
/* End PBXFrameworksBuildPhase section */

/* Begin PBXGroup section */
		EB8DC4342B078B3000CF97B9 = {
			isa = PBXGroup;
			children = (
				EB8DC43F2B078B3100CF97B9 /* RamProtfolio */,
				EB8DC43E2B078B3100CF97B9 /* Products */,
			);
			sourceTree = "<group>";
		};
		EB8DC43E2B078B3100CF97B9 /* Products */ = {
			isa = PBXGroup;
			children = (
				EB8DC43D2B078B3100CF97B9 /* RamProtfolio.app */,
			);
			name = Products;
			sourceTree = "<group>";
		};
		EB8DC43F2B078B3100CF97B9 /* RamProtfolio */ = {
			isa = PBXGroup;
			children = (
				EB8DC4402B078B3100CF97B9 /* RamProtfolioApp.swift */,
				EB8DC4422B078B3100CF97B9 /* ContentView.swift */,
				EBC51CED2B078CC700F668CD /* Model */,
				EBC51CEE2B078CCD00F668CD /* View */,
				EBC51CEF2B078CD400F668CD /* Controller */,
				EB8DC4442B078B3300CF97B9 /* Assets.xcassets */,
				EB8DC4462B078B3300CF97B9 /* Preview Content */,
			);
			path = RamProtfolio;
			sourceTree = "<group>";
		};
		EB8DC4462B078B3300CF97B9 /* Preview Content */ = {
			isa = PBXGroup;
			children = (
				EB8DC4472B078B3300CF97B9 /* Preview Assets.xcassets */,
			);
			path = "Preview Content";
			sourceTree = "<group>";
		};
		EBC51CED2B078CC700F668CD /* Model */ = {
			isa = PBXGroup;
			children = (
				EBED08B72B08CE1C00F812A1 /* DataModel.swift */,
			);
			path = Model;
			sourceTree = "<group>";
		};
		EBC51CEE2B078CCD00F668CD /* View */ = {
			isa = PBXGroup;
			children = (
				EBED086E2B089B9600F812A1 /* Helper Views */,
				EBC51CF02B078F8200F668CD /* SlpashScreenView.swift */,
				EBED08662B088EAD00F812A1 /* MainView.swift */,
				EBED08682B088ED000F812A1 /* ListAppView.swift */,
				EBED086A2B088EED00F812A1 /* MLAppView.swift */,
				EBED08772B08BF2400F812A1 /* EditView.swift */,
			);
			path = View;
			sourceTree = "<group>";
		};
		EBC51CEF2B078CD400F668CD /* Controller */ = {
			isa = PBXGroup;
			children = (
				EBED086C2B0892F300F812A1 /* ContentsView.swift */,
			);
			path = Controller;
			sourceTree = "<group>";
		};
		EBED086E2B089B9600F812A1 /* Helper Views */ = {
			isa = PBXGroup;
			children = (
				EBED086F2B089BD000F812A1 /* HeadingTextView.swift */,
				EBED08712B089E7100F812A1 /* ContentTextView.swift */,
				EBED08732B089FA500F812A1 /* SkillsView.swift */,
			);
			path = "Helper Views";
			sourceTree = "<group>";
		};
/* End PBXGroup section */

/* Begin PBXNativeTarget section */
		EB8DC43C2B078B3100CF97B9 /* RamProtfolio */ = {
			isa = PBXNativeTarget;
			buildConfigurationList = EB8DC44B2B078B3300CF97B9 /* Build configuration list for PBXNativeTarget "RamProtfolio" */;
			buildPhases = (
				EB8DC4392B078B3100CF97B9 /* Sources */,
				EB8DC43A2B078B3100CF97B9 /* Frameworks */,
				EB8DC43B2B078B3100CF97B9 /* Resources */,
			);
			buildRules = (
			);
			dependencies = (
			);
			name = RamProtfolio;
			productName = RamProtfolio;
			productReference = EB8DC43D2B078B3100CF97B9 /* RamProtfolio.app */;
			productType = "com.apple.product-type.application";
		};
/* End PBXNativeTarget section */

/* Begin PBXProject section */
		EB8DC4352B078B3000CF97B9 /* Project object */ = {
			isa = PBXProject;
			attributes = {
				BuildIndependentTargetsInParallel = 1;
				LastSwiftUpdateCheck = 1500;
				LastUpgradeCheck = 1500;
				TargetAttributes = {
					EB8DC43C2B078B3100CF97B9 = {
						CreatedOnToolsVersion = 15.0.1;
					};
				};
			};
			buildConfigurationList = EB8DC4382B078B3100CF97B9 /* Build configuration list for PBXProject "RamProtfolio" */;
			compatibilityVersion = "Xcode 14.0";
			developmentRegion = en;
			hasScannedForEncodings = 0;
			knownRegions = (
				en,
				Base,
			);
			mainGroup = EB8DC4342B078B3000CF97B9;
			productRefGroup = EB8DC43E2B078B3100CF97B9 /* Products */;
			projectDirPath = "";
			projectRoot = "";
			targets = (
				EB8DC43C2B078B3100CF97B9 /* RamProtfolio */,
			);
		};
/* End PBXProject section */

/* Begin PBXResourcesBuildPhase section */
		EB8DC43B2B078B3100CF97B9 /* Resources */ = {
			isa = PBXResourcesBuildPhase;
			buildActionMask = 2147483647;
			files = (
				EB8DC4482B078B3300CF97B9 /* Preview Assets.xcassets in Resources */,
				EB8DC4452B078B3300CF97B9 /* Assets.xcassets in Resources */,
			);
			runOnlyForDeploymentPostprocessing = 0;
		};
/* End PBXResourcesBuildPhase section */

/* Begin PBXSourcesBuildPhase section */
		EB8DC4392B078B3100CF97B9 /* Sources */ = {
			isa = PBXSourcesBuildPhase;
			buildActionMask = 2147483647;
			files = (
				EBED08702B089BD000F812A1 /* HeadingTextView.swift in Sources */,
				EBED086D2B0892F300F812A1 /* ContentsView.swift in Sources */,
				EBED08782B08BF2400F812A1 /* EditView.swift in Sources */,
				EB8DC4432B078B3100CF97B9 /* ContentView.swift in Sources */,
				EBED086B2B088EED00F812A1 /* MLAppView.swift in Sources */,
				EBED08B82B08CE1C00F812A1 /* DataModel.swift in Sources */,
				EBED08672B088EAD00F812A1 /* MainView.swift in Sources */,
				EBED08722B089E7100F812A1 /* ContentTextView.swift in Sources */,
				EBED08742B089FA500F812A1 /* SkillsView.swift in Sources */,
				EBC51CF12B078F8200F668CD /* SlpashScreenView.swift in Sources */,
				EBED08692B088ED000F812A1 /* ListAppView.swift in Sources */,
				EB8DC4412B078B3100CF97B9 /* RamProtfolioApp.swift in Sources */,
			);
			runOnlyForDeploymentPostprocessing = 0;
		};
/* End PBXSourcesBuildPhase section */

/* Begin XCBuildConfiguration section */
		EB8DC4492B078B3300CF97B9 /* Debug */ = {
			isa = XCBuildConfiguration;
			buildSettings = {
				ALWAYS_SEARCH_USER_PATHS = NO;
				ASSETCATALOG_COMPILER_GENERATE_SWIFT_ASSET_SYMBOL_EXTENSIONS = YES;
				CLANG_ANALYZER_NONNULL = YES;
				CLANG_ANALYZER_NUMBER_OBJECT_CONVERSION = YES_AGGRESSIVE;
				CLANG_CXX_LANGUAGE_STANDARD = "gnu++20";
				CLANG_ENABLE_MODULES = YES;
				CLANG_ENABLE_OBJC_ARC = YES;
				CLANG_ENABLE_OBJC_WEAK = YES;
				CLANG_WARN_BLOCK_CAPTURE_AUTORELEASING = YES;
				CLANG_WARN_BOOL_CONVERSION = YES;
				CLANG_WARN_COMMA = YES;
				CLANG_WARN_CONSTANT_CONVERSION = YES;
				CLANG_WARN_DEPRECATED_OBJC_IMPLEMENTATIONS = YES;
				CLANG_WARN_DIRECT_OBJC_ISA_USAGE = YES_ERROR;
				CLANG_WARN_DOCUMENTATION_COMMENTS = YES;
				CLANG_WARN_EMPTY_BODY = YES;
				CLANG_WARN_ENUM_CONVERSION = YES;
				CLANG_WARN_INFINITE_RECURSION = YES;
				CLANG_WARN_INT_CONVERSION = YES;
				CLANG_WARN_NON_LITERAL_NULL_CONVERSION = YES;
				CLANG_WARN_OBJC_IMPLICIT_RETAIN_SELF = YES;
				CLANG_WARN_OBJC_LITERAL_CONVERSION = YES;
				CLANG_WARN_OBJC_ROOT_CLASS = YES_ERROR;
				CLANG_WARN_QUOTED_INCLUDE_IN_FRAMEWORK_HEADER = YES;
				CLANG_WARN_RANGE_LOOP_ANALYSIS = YES;
				CLANG_WARN_STRICT_PROTOTYPES = YES;
				CLANG_WARN_SUSPICIOUS_MOVE = YES;
				CLANG_WARN_UNGUARDED_AVAILABILITY = YES_AGGRESSIVE;
				CLANG_WARN_UNREACHABLE_CODE = YES;
				CLANG_WARN__DUPLICATE_METHOD_MATCH = YES;
				COPY_PHASE_STRIP = NO;
				DEBUG_INFORMATION_FORMAT = dwarf;
				ENABLE_STRICT_OBJC_MSGSEND = YES;
				ENABLE_TESTABILITY = YES;
				ENABLE_USER_SCRIPT_SANDBOXING = YES;
				GCC_C_LANGUAGE_STANDARD = gnu17;
				GCC_DYNAMIC_NO_PIC = NO;
				GCC_NO_COMMON_BLOCKS = YES;
				GCC_OPTIMIZATION_LEVEL = 0;
				GCC_PREPROCESSOR_DEFINITIONS = (
					"DEBUG=1",
					"$(inherited)",
				);
				GCC_WARN_64_TO_32_BIT_CONVERSION = YES;
				GCC_WARN_ABOUT_RETURN_TYPE = YES_ERROR;
				GCC_WARN_UNDECLARED_SELECTOR = YES;
				GCC_WARN_UNINITIALIZED_AUTOS = YES_AGGRESSIVE;
				GCC_WARN_UNUSED_FUNCTION = YES;
				GCC_WARN_UNUSED_VARIABLE = YES;
				IPHONEOS_DEPLOYMENT_TARGET = 17.0;
				LOCALIZATION_PREFERS_STRING_CATALOGS = YES;
				MTL_ENABLE_DEBUG_INFO = INCLUDE_SOURCE;
				MTL_FAST_MATH = YES;
				ONLY_ACTIVE_ARCH = YES;
				SDKROOT = iphoneos;
				SWIFT_ACTIVE_COMPILATION_CONDITIONS = "DEBUG $(inherited)";
				SWIFT_OPTIMIZATION_LEVEL = "-Onone";
			};
			name = Debug;
		};
		EB8DC44A2B078B3300CF97B9 /* Release */ = {
			isa = XCBuildConfiguration;
			buildSettings = {
				ALWAYS_SEARCH_USER_PATHS = NO;
				ASSETCATALOG_COMPILER_GENERATE_SWIFT_ASSET_SYMBOL_EXTENSIONS = YES;
				CLANG_ANALYZER_NONNULL = YES;
				CLANG_ANALYZER_NUMBER_OBJECT_CONVERSION = YES_AGGRESSIVE;
				CLANG_CXX_LANGUAGE_STANDARD = "gnu++20";
				CLANG_ENABLE_MODULES = YES;
				CLANG_ENABLE_OBJC_ARC = YES;
				CLANG_ENABLE_OBJC_WEAK = YES;
				CLANG_WARN_BLOCK_CAPTURE_AUTORELEASING = YES;
				CLANG_WARN_BOOL_CONVERSION = YES;
				CLANG_WARN_COMMA = YES;
				CLANG_WARN_CONSTANT_CONVERSION = YES;
				CLANG_WARN_DEPRECATED_OBJC_IMPLEMENTATIONS = YES;
				CLANG_WARN_DIRECT_OBJC_ISA_USAGE = YES_ERROR;
				CLANG_WARN_DOCUMENTATION_COMMENTS = YES;
				CLANG_WARN_EMPTY_BODY = YES;
				CLANG_WARN_ENUM_CONVERSION = YES;
				CLANG_WARN_INFINITE_RECURSION = YES;
				CLANG_WARN_INT_CONVERSION = YES;
				CLANG_WARN_NON_LITERAL_NULL_CONVERSION = YES;
				CLANG_WARN_OBJC_IMPLICIT_RETAIN_SELF = YES;
				CLANG_WARN_OBJC_LITERAL_CONVERSION = YES;
				CLANG_WARN_OBJC_ROOT_CLASS = YES_ERROR;
				CLANG_WARN_QUOTED_INCLUDE_IN_FRAMEWORK_HEADER = YES;
				CLANG_WARN_RANGE_LOOP_ANALYSIS = YES;
				CLANG_WARN_STRICT_PROTOTYPES = YES;
				CLANG_WARN_SUSPICIOUS_MOVE = YES;
				CLANG_WARN_UNGUARDED_AVAILABILITY = YES_AGGRESSIVE;
				CLANG_WARN_UNREACHABLE_CODE = YES;
				CLANG_WARN__DUPLICATE_METHOD_MATCH = YES;
				COPY_PHASE_STRIP = NO;
				DEBUG_INFORMATION_FORMAT = "dwarf-with-dsym";
				ENABLE_NS_ASSERTIONS = NO;
				ENABLE_STRICT_OBJC_MSGSEND = YES;
				ENABLE_USER_SCRIPT_SANDBOXING = YES;
				GCC_C_LANGUAGE_STANDARD = gnu17;
				GCC_NO_COMMON_BLOCKS = YES;
				GCC_WARN_64_TO_32_BIT_CONVERSION = YES;
				GCC_WARN_ABOUT_RETURN_TYPE = YES_ERROR;
				GCC_WARN_UNDECLARED_SELECTOR = YES;
				GCC_WARN_UNINITIALIZED_AUTOS = YES_AGGRESSIVE;
				GCC_WARN_UNUSED_FUNCTION = YES;
				GCC_WARN_UNUSED_VARIABLE = YES;
				IPHONEOS_DEPLOYMENT_TARGET = 17.0;
				LOCALIZATION_PREFERS_STRING_CATALOGS = YES;
				MTL_ENABLE_DEBUG_INFO = NO;
				MTL_FAST_MATH = YES;
				SDKROOT = iphoneos;
				SWIFT_COMPILATION_MODE = wholemodule;
				VALIDATE_PRODUCT = YES;
			};
			name = Release;
		};
		EB8DC44C2B078B3300CF97B9 /* Debug */ = {
			isa = XCBuildConfiguration;
			buildSettings = {
				ASSETCATALOG_COMPILER_APPICON_NAME = AppIcon;
				ASSETCATALOG_COMPILER_GLOBAL_ACCENT_COLOR_NAME = AccentColor;
				CODE_SIGN_STYLE = Automatic;
				CURRENT_PROJECT_VERSION = 1;
				DEVELOPMENT_ASSET_PATHS = "\"RamProtfolio/Preview Content\"";
				DEVELOPMENT_TEAM = 5S4D5DG3W4;
				ENABLE_PREVIEWS = YES;
				GENERATE_INFOPLIST_FILE = YES;
				INFOPLIST_KEY_UIApplicationSceneManifest_Generation = YES;
				INFOPLIST_KEY_UIApplicationSupportsIndirectInputEvents = YES;
				INFOPLIST_KEY_UILaunchScreen_Generation = YES;
				INFOPLIST_KEY_UISupportedInterfaceOrientations_iPad = "UIInterfaceOrientationPortrait UIInterfaceOrientationPortraitUpsideDown UIInterfaceOrientationLandscapeLeft UIInterfaceOrientationLandscapeRight";
				INFOPLIST_KEY_UISupportedInterfaceOrientations_iPhone = "UIInterfaceOrientationPortrait UIInterfaceOrientationLandscapeLeft UIInterfaceOrientationLandscapeRight";
				LD_RUNPATH_SEARCH_PATHS = (
					"$(inherited)",
					"@executable_path/Frameworks",
				);
				MARKETING_VERSION = 1.0;
				PRODUCT_BUNDLE_IDENTIFIER = com.example.RamProtfolio;
				PRODUCT_NAME = "$(TARGET_NAME)";
				SWIFT_EMIT_LOC_STRINGS = YES;
				SWIFT_VERSION = 5.0;
				TARGETED_DEVICE_FAMILY = "1,2";
			};
			name = Debug;
		};
		EB8DC44D2B078B3300CF97B9 /* Release */ = {
			isa = XCBuildConfiguration;
			buildSettings = {
				ASSETCATALOG_COMPILER_APPICON_NAME = AppIcon;
				ASSETCATALOG_COMPILER_GLOBAL_ACCENT_COLOR_NAME = AccentColor;
				CODE_SIGN_STYLE = Automatic;
				CURRENT_PROJECT_VERSION = 1;
				DEVELOPMENT_ASSET_PATHS = "\"RamProtfolio/Preview Content\"";
				DEVELOPMENT_TEAM = 5S4D5DG3W4;
				ENABLE_PREVIEWS = YES;
				GENERATE_INFOPLIST_FILE = YES;
				INFOPLIST_KEY_UIApplicationSceneManifest_Generation = YES;
				INFOPLIST_KEY_UIApplicationSupportsIndirectInputEvents = YES;
				INFOPLIST_KEY_UILaunchScreen_Generation = YES;
				INFOPLIST_KEY_UISupportedInterfaceOrientations_iPad = "UIInterfaceOrientationPortrait UIInterfaceOrientationPortraitUpsideDown UIInterfaceOrientationLandscapeLeft UIInterfaceOrientationLandscapeRight";
				INFOPLIST_KEY_UISupportedInterfaceOrientations_iPhone = "UIInterfaceOrientationPortrait UIInterfaceOrientationLandscapeLeft UIInterfaceOrientationLandscapeRight";
				LD_RUNPATH_SEARCH_PATHS = (
					"$(inherited)",
					"@executable_path/Frameworks",
				);
				MARKETING_VERSION = 1.0;
				PRODUCT_BUNDLE_IDENTIFIER = com.example.RamProtfolio;
				PRODUCT_NAME = "$(TARGET_NAME)";
				SWIFT_EMIT_LOC_STRINGS = YES;
				SWIFT_VERSION = 5.0;
				TARGETED_DEVICE_FAMILY = "1,2";
			};
			name = Release;
		};
/* End XCBuildConfiguration section */

/* Begin XCConfigurationList section */
		EB8DC4382B078B3100CF97B9 /* Build configuration list for PBXProject "RamProtfolio" */ = {
			isa = XCConfigurationList;
			buildConfigurations = (
				EB8DC4492B078B3300CF97B9 /* Debug */,
				EB8DC44A2B078B3300CF97B9 /* Release */,
			);
			defaultConfigurationIsVisible = 0;
			defaultConfigurationName = Release;
		};
		EB8DC44B2B078B3300CF97B9 /* Build configuration list for PBXNativeTarget "RamProtfolio" */ = {
			isa = XCConfigurationList;
			buildConfigurations = (
				EB8DC44C2B078B3300CF97B9 /* Debug */,
				EB8DC44D2B078B3300CF97B9 /* Release */,
			);
			defaultConfigurationIsVisible = 0;
			defaultConfigurationName = Release;
		};
/* End XCConfigurationList section */
	};
	rootObject = EB8DC4352B078B3000CF97B9 /* Project object */;
}
